
Microsoft Visual Studio Solution File, Format Version 12.00
# Visual Studio 15
VisualStudioVersion = 15.0.27130.2027
MinimumVisualStudioVersion = 10.0.40219.1
Project("{FAE04EC0-301F-11D3-BF4B-00C04F79EFBC}") = "ListaDeVetor", "ListaDeVetor\ListaDeVetor.csproj", "{EC68D3EF-B032-4E41-A937-6EDA0B2908C7}"
EndProject
Global
	GlobalSection(SolutionConfigurationPlatforms) = preSolution
		Debug|Any CPU = Debug|Any CPU
		Release|Any CPU = Release|Any CPU
	EndGlobalSection
	GlobalSection(ProjectConfigurationPlatforms) = postSolution
		{EC68D3EF-B032-4E41-A937-6EDA0B2908C7}.Debug|Any CPU.ActiveCfg = Debug|Any CPU
		{EC68D3EF-B032-4E41-A937-6EDA0B2908C7}.Debug|Any CPU.Build.0 = Debug|Any CPU
		{EC68D3EF-B032-4E41-A937-6EDA0B2908C7}.Release|Any CPU.ActiveCfg = Release|Any CPU
		{EC68D3EF-B032-4E41-A937-6EDA0B2908C7}.Release|Any CPU.Build.0 = Release|Any CPU
	EndGlobalSection
	GlobalSection(SolutionProperties) = preSolution
		HideSolutionNode = FALSE
	EndGlobalSection
	GlobalSection(ExtensibilityGlobals) = postSolution
		SolutionGuid = {FBCFA8C1-9283-4B80-BB55-EEE66A56BCB4}
	EndGlobalSection
EndGlobal
